
Microsoft Visual Studio Solution File, Format Version 12.00
# Visual Studio Version 17
VisualStudioVersion = 17.3.32825.248
MinimumVisualStudioVersion = 10.0.40219.1
Project("{FAE04EC0-301F-11D3-BF4B-00C04F79EFBC}") = "DEVPROG_DEMO_04.Android", "DEVPROG_DEMO_04.Android\DEVPROG_DEMO_04.Android.csproj", "{B04900F5-062A-4225-8527-1FF7967DB9ED}"
EndProject
Project("{9A19103F-16F7-4668-BE54-9A1E7A4F7556}") = "DEVPROG_DEMO_04", "DEVPROG_DEMO_04\DEVPROG_DEMO_04.csproj", "{1E907FD9-EE7A-4CB1-94D5-2DD3B1E86369}"
EndProject
Global
	GlobalSection(SolutionConfigurationPlatforms) = preSolution
		Debug|Any CPU = Debug|Any CPU
		Debug|ARM = Debug|ARM
		Debug|iPhone = Debug|iPhone
		Debug|iPhoneSimulator = Debug|iPhoneSimulator
		Debug|x64 = Debug|x64
		Debug|x86 = Debug|x86
		Release|Any CPU = Release|Any CPU
		Release|ARM = Release|ARM
		Release|iPhone = Release|iPhone
		Release|iPhoneSimulator = Release|iPhoneSimulator
		Release|x64 = Release|x64
		Release|x86 = Release|x86
	EndGlobalSection
	GlobalSection(ProjectConfigurationPlatforms) = postSolution
		{B04900F5-062A-4225-8527-1FF7967DB9ED}.Debug|Any CPU.ActiveCfg = Debug|Any CPU
		{B04900F5-062A-4225-8527-1FF7967DB9ED}.Debug|Any CPU.Build.0 = Debug|Any CPU
		{B04900F5-062A-4225-8527-1FF7967DB9ED}.Debug|Any CPU.Deploy.0 = Debug|Any CPU
		{B04900F5-062A-4225-8527-1FF7967DB9ED}.Debug|ARM.ActiveCfg = Debug|Any CPU
		{B04900F5-062A-4225-8527-1FF7967DB9ED}.Debug|ARM.Build.0 = Debug|Any CPU
		{B04900F5-062A-4225-8527-1FF7967DB9ED}.Debug|ARM.Deploy.0 = Debug|Any CPU
		{B04900F5-062A-4225-8527-1FF7967DB9ED}.Debug|iPhone.ActiveCfg = Debug|Any CPU
		{B04900F5-062A-4225-8527-1FF7967DB9ED}.Debug|iPhone.Build.0 = Debug|Any CPU
		{B04900F5-062A-4225-8527-1FF7967DB9ED}.Debug|iPhone.Deploy.0 = Debug|Any CPU
		{B04900F5-062A-4225-8527-1FF7967DB9ED}.Debug|iPhoneSimulator.ActiveCfg = Debug|Any CPU
		{B04900F5-062A-4225-8527-1FF7967DB9ED}.Debug|iPhoneSimulator.Build.0 = Debug|Any CPU
		{B04900F5-062A-4225-8527-1FF7967DB9ED}.Debug|iPhoneSimulator.Deploy.0 = Debug|Any CPU
		{B04900F5-062A-4225-8527-1FF7967DB9ED}.Debug|x64.ActiveCfg = Debug|Any CPU
		{B04900F5-062A-4225-8527-1FF7967DB9ED}.Debug|x64.Build.0 = Debug|Any CPU
		{B04900F5-062A-4225-8527-1FF7967DB9ED}.Debug|x64.Deploy.0 = Debug|Any CPU
		{B04900F5-062A-4225-8527-1FF7967DB9ED}.Debug|x86.ActiveCfg = Debug|Any CPU
		{B04900F5-062A-4225-8527-1FF7967DB9ED}.Debug|x86.Build.0 = Debug|Any CPU
		{B04900F5-062A-4225-8527-1FF7967DB9ED}.Debug|x86.Deploy.0 = Debug|Any CPU
		{B04900F5-062A-4225-8527-1FF7967DB9ED}.Release|Any CPU.ActiveCfg = Release|Any CPU
		{B04900F5-062A-4225-8527-1FF7967DB9ED}.Release|Any CPU.Build.0 = Release|Any CPU
		{B04900F5-062A-4225-8527-1FF7967DB9ED}.Release|Any CPU.Deploy.0 = Release|Any CPU
		{B04900F5-062A-4225-8527-1FF7967DB9ED}.Release|ARM.ActiveCfg = Release|Any CPU
		{B04900F5-062A-4225-8527-1FF7967DB9ED}.Release|ARM.Build.0 = Release|Any CPU
		{B04900F5-062A-4225-8527-1FF7967DB9ED}.Release|ARM.Deploy.0 = Release|Any CPU
		{B04900F5-062A-4225-8527-1FF7967DB9ED}.Release|iPhone.ActiveCfg = Release|Any CPU
		{B04900F5-062A-4225-8527-1FF7967DB9ED}.Release|iPhone.Build.0 = Release|Any CPU
		{B04900F5-062A-4225-8527-1FF7967DB9ED}.Release|iPhone.Deploy.0 = Release|Any CPU
		{B04900F5-062A-4225-8527-1FF7967DB9ED}.Release|iPhoneSimulator.ActiveCfg = Release|Any CPU
		{B04900F5-062A-4225-8527-1FF7967DB9ED}.Release|iPhoneSimulator.Build.0 = Release|Any CPU
		{B04900F5-062A-4225-8527-1FF7967DB9ED}.Release|iPhoneSimulator.Deploy.0 = Release|Any CPU
		{B04900F5-062A-4225-8527-1FF7967DB9ED}.Release|x64.ActiveCfg = Release|Any CPU
		{B04900F5-062A-4225-8527-1FF7967DB9ED}.Release|x64.Build.0 = Release|Any CPU
		{B04900F5-062A-4225-8527-1FF7967DB9ED}.Release|x64.Deploy.0 = Release|Any CPU
		{B04900F5-062A-4225-8527-1FF7967DB9ED}.Release|x86.ActiveCfg = Release|Any CPU
		{B04900F5-062A-4225-8527-1FF7967DB9ED}.Release|x86.Build.0 = Release|Any CPU
		{B04900F5-062A-4225-8527-1FF7967DB9ED}.Release|x86.Deploy.0 = Release|Any CPU
		{1E907FD9-EE7A-4CB1-94D5-2DD3B1E86369}.Debug|Any CPU.ActiveCfg = Debug|Any CPU
		{1E907FD9-EE7A-4CB1-94D5-2DD3B1E86369}.Debug|Any CPU.Build.0 = Debug|Any CPU
		{1E907FD9-EE7A-4CB1-94D5-2DD3B1E86369}.Debug|Any CPU.Deploy.0 = Debug|Any CPU
		{1E907FD9-EE7A-4CB1-94D5-2DD3B1E86369}.Debug|ARM.ActiveCfg = Debug|Any CPU
		{1E907FD9-EE7A-4CB1-94D5-2DD3B1E86369}.Debug|ARM.Build.0 = Debug|Any CPU
		{1E907FD9-EE7A-4CB1-94D5-2DD3B1E86369}.Debug|ARM.Deploy.0 = Debug|Any CPU
		{1E907FD9-EE7A-4CB1-94D5-2DD3B1E86369}.Debug|iPhone.ActiveCfg = Debug|Any CPU
		{1E907FD9-EE7A-4CB1-94D5-2DD3B1E86369}.Debug|iPhone.Build.0 = Debug|Any CPU
		{1E907FD9-EE7A-4CB1-94D5-2DD3B1E86369}.Debug|iPhone.Deploy.0 = Debug|Any CPU
		{1E907FD9-EE7A-4CB1-94D5-2DD3B1E86369}.Debug|iPhoneSimulator.ActiveCfg = Debug|Any CPU
		{1E907FD9-EE7A-4CB1-94D5-2DD3B1E86369}.Debug|iPhoneSimulator.Build.0 = Debug|Any CPU
		{1E907FD9-EE7A-4CB1-94D5-2DD3B1E86369}.Debug|iPhoneSimulator.Deploy.0 = Debug|Any CPU
		{1E907FD9-EE7A-4CB1-94D5-2DD3B1E86369}.Debug|x64.ActiveCfg = Debug|Any CPU
		{1E907FD9-EE7A-4CB1-94D5-2DD3B1E86369}.Debug|x64.Build.0 = Debug|Any CPU
		{1E907FD9-EE7A-4CB1-94D5-2DD3B1E86369}.Debug|x64.Deploy.0 = Debug|Any CPU
		{1E907FD9-EE7A-4CB1-94D5-2DD3B1E86369}.Debug|x86.ActiveCfg = Debug|Any CPU
		{1E907FD9-EE7A-4CB1-94D5-2DD3B1E86369}.Debug|x86.Build.0 = Debug|Any CPU
		{1E907FD9-EE7A-4CB1-94D5-2DD3B1E86369}.Debug|x86.Deploy.0 = Debug|Any CPU
		{1E907FD9-EE7A-4CB1-94D5-2DD3B1E86369}.Release|Any CPU.ActiveCfg = Release|Any CPU
		{1E907FD9-EE7A-4CB1-94D5-2DD3B1E86369}.Release|Any CPU.Build.0 = Release|Any CPU
		{1E907FD9-EE7A-4CB1-94D5-2DD3B1E86369}.Release|Any CPU.Deploy.0 = Release|Any CPU
		{1E907FD9-EE7A-4CB1-94D5-2DD3B1E86369}.Release|ARM.ActiveCfg = Release|Any CPU
		{1E907FD9-EE7A-4CB1-94D5-2DD3B1E86369}.Release|ARM.Build.0 = Release|Any CPU
		{1E907FD9-EE7A-4CB1-94D5-2DD3B1E86369}.Release|ARM.Deploy.0 = Release|Any CPU
		{1E907FD9-EE7A-4CB1-94D5-2DD3B1E86369}.Release|iPhone.ActiveCfg = Release|Any CPU
		{1E907FD9-EE7A-4CB1-94D5-2DD3B1E86369}.Release|iPhone.Build.0 = Release|Any CPU
		{1E907FD9-EE7A-4CB1-94D5-2DD3B1E86369}.Release|iPhone.Deploy.0 = Release|Any CPU
		{1E907FD9-EE7A-4CB1-94D5-2DD3B1E86369}.Release|iPhoneSimulator.ActiveCfg = Release|Any CPU
		{1E907FD9-EE7A-4CB1-94D5-2DD3B1E86369}.Release|iPhoneSimulator.Build.0 = Release|Any CPU
		{1E907FD9-EE7A-4CB1-94D5-2DD3B1E86369}.Release|iPhoneSimulator.Deploy.0 = Release|Any CPU
		{1E907FD9-EE7A-4CB1-94D5-2DD3B1E86369}.Release|x64.ActiveCfg = Release|Any CPU
		{1E907FD9-EE7A-4CB1-94D5-2DD3B1E86369}.Release|x64.Build.0 = Release|Any CPU
		{1E907FD9-EE7A-4CB1-94D5-2DD3B1E86369}.Release|x64.Deploy.0 = Release|Any CPU
		{1E907FD9-EE7A-4CB1-94D5-2DD3B1E86369}.Release|x86.ActiveCfg = Release|Any CPU
		{1E907FD9-EE7A-4CB1-94D5-2DD3B1E86369}.Release|x86.Build.0 = Release|Any CPU
		{1E907FD9-EE7A-4CB1-94D5-2DD3B1E86369}.Release|x86.Deploy.0 = Release|Any CPU
	EndGlobalSection
	GlobalSection(SolutionProperties) = preSolution
		HideSolutionNode = FALSE
	EndGlobalSection
	GlobalSection(ExtensibilityGlobals) = postSolution
		SolutionGuid = {9F909A8C-DBBB-43FD-8467-595F3CEDE2DD}
	EndGlobalSection
EndGlobal
